
Microsoft Visual Studio Solution File, Format Version 12.00
# Visual Studio 15
VisualStudioVersion = 15.0.27703.2047
MinimumVisualStudioVersion = 10.0.40219.1
Project("{FAE04EC0-301F-11D3-BF4B-00C04F79EFBC}") = "LibraryConsoleEntity", "LibraryConsoleEntity\LibraryConsoleEntity.csproj", "{84C6C641-CDAC-47C4-B47E-FA543F1499E1}"
EndProject
Global
	GlobalSection(SolutionConfigurationPlatforms) = preSolution
		Debug|Any CPU = Debug|Any CPU
		Release|Any CPU = Release|Any CPU
	EndGlobalSection
	GlobalSection(ProjectConfigurationPlatforms) = postSolution
		{84C6C641-CDAC-47C4-B47E-FA543F1499E1}.Debug|Any CPU.ActiveCfg = Debug|Any CPU
		{84C6C641-CDAC-47C4-B47E-FA543F1499E1}.Debug|Any CPU.Build.0 = Debug|Any CPU
		{84C6C641-CDAC-47C4-B47E-FA543F1499E1}.Release|Any CPU.ActiveCfg = Release|Any CPU
		{84C6C641-CDAC-47C4-B47E-FA543F1499E1}.Release|Any CPU.Build.0 = Release|Any CPU
	EndGlobalSection
	GlobalSection(SolutionProperties) = preSolution
		HideSolutionNode = FALSE
	EndGlobalSection
	GlobalSection(ExtensibilityGlobals) = postSolution
		SolutionGuid = {30395971-FC45-4356-B6AD-8F7CDE062BEB}
	EndGlobalSection
EndGlobal
